# This is a Gradle generated file for dependency locking.
# Manual edits can break the build and are not advised.
# This file is expected to be part of source control.
com.android.tools:desugar_jdk_libs:2.1.5=coreLibraryDesugaring
com.android.tools:desugar_jdk_libs_configuration:2.1.5=coreLibraryDesugaring
com.googlecode.mp4parser:isoparser:1.1.22=debugAndroidTestCompileClasspath,debugAndroidTestRuntimeClasspath,debugCompileClasspath,debugRuntimeClasspath,debugUnitTestCompileClasspath,debugUnitTestRuntimeClasspath,releaseCompileClasspath,releaseRuntimeClasspath,releaseUnitTestCompileClasspath,releaseUnitTestRuntimeClasspath
com.squareup.okio:okio:1.17.6=debugAndroidTestCompileClasspath,debugAndroidTestRuntimeClasspath,debugCompileClasspath,debugRuntimeClasspath,debugUnitTestCompileClasspath,debugUnitTestRuntimeClasspath,releaseCompileClasspath,releaseRuntimeClasspath,releaseUnitTestCompileClasspath,releaseUnitTestRuntimeClasspath
junit:junit:4.13.2=debugUnitTestCompileClasspath,debugUnitTestRuntimeClasspath,releaseUnitTestCompileClasspath,releaseUnitTestRuntimeClasspath
org.hamcrest:hamcrest-core:1.3=debugUnitTestCompileClasspath,debugUnitTestRuntimeClasspath,releaseUnitTestCompileClasspath,releaseUnitTestRuntimeClasspath
empty=androidApis,androidJdkImage,debugAnnotationProcessorClasspath,debugUnitTestAnnotationProcessorClasspath,lintChecks,lintPublish,releaseAnnotationProcessorClasspath,releaseUnitTestAnnotationProcessorClasspath
